
Microsoft Visual Studio Solution File, Format Version 12.00
Project("{FAE04EC0-301F-11D3-BF4B-00C04F79EFBC}") = "Mm0205.Security.Mac", "Mm0205.Security.Mac\Mm0205.Security.Mac.csproj", "{D3FF48ED-28BB-417D-9BAF-5544EB9B8582}"
EndProject
Project("{FAE04EC0-301F-11D3-BF4B-00C04F79EFBC}") = "Mm0205.Security.Mac.ConsoleTest", "Mm0205.Security.Mac.ConsoleTest\Mm0205.Security.Mac.ConsoleTest.csproj", "{D8C5655F-69C3-43C0-91CA-0FB97225E42D}"
EndProject
Global
	GlobalSection(SolutionConfigurationPlatforms) = preSolution
		Debug|Any CPU = Debug|Any CPU
		Release|Any CPU = Release|Any CPU
	EndGlobalSection
	GlobalSection(ProjectConfigurationPlatforms) = postSolution
		{D3FF48ED-28BB-417D-9BAF-5544EB9B8582}.Debug|Any CPU.ActiveCfg = Debug|Any CPU
		{D3FF48ED-28BB-417D-9BAF-5544EB9B8582}.Debug|Any CPU.Build.0 = Debug|Any CPU
		{D3FF48ED-28BB-417D-9BAF-5544EB9B8582}.Release|Any CPU.ActiveCfg = Release|Any CPU
		{D3FF48ED-28BB-417D-9BAF-5544EB9B8582}.Release|Any CPU.Build.0 = Release|Any CPU
		{D8C5655F-69C3-43C0-91CA-0FB97225E42D}.Debug|Any CPU.ActiveCfg = Debug|Any CPU
		{D8C5655F-69C3-43C0-91CA-0FB97225E42D}.Debug|Any CPU.Build.0 = Debug|Any CPU
		{D8C5655F-69C3-43C0-91CA-0FB97225E42D}.Release|Any CPU.ActiveCfg = Release|Any CPU
		{D8C5655F-69C3-43C0-91CA-0FB97225E42D}.Release|Any CPU.Build.0 = Release|Any CPU
	EndGlobalSection
EndGlobal
